
Microsoft Visual Studio Solution File, Format Version 12.00
# Visual Studio Version 16
VisualStudioVersion = 16.0.30114.105
MinimumVisualStudioVersion = 10.0.40219.1
Project("{FAE04EC0-301F-11D3-BF4B-00C04F79EFBC}") = "CJG.Web.External", "CJG.Web.External\CJG.Web.External.csproj", "{368C4FCC-D480-44CD-B23C-C0053D6BAF0B}"
	ProjectSection(ProjectDependencies) = postProject
		{87F0998F-7C53-4514-A7BB-FBC6FD1FE9EC} = {87F0998F-7C53-4514-A7BB-FBC6FD1FE9EC}
		{B5E081D1-6965-48D8-BA93-E840A459C65C} = {B5E081D1-6965-48D8-BA93-E840A459C65C}
	EndProjectSection
EndProject
Project("{2150E333-8FDC-42A3-9474-1A3956D46DE8}") = "Web", "Web", "{BAE60E4A-510A-4B56-B565-873AC567C164}"
EndProject
Project("{2150E333-8FDC-42A3-9474-1A3956D46DE8}") = "Infrastructure", "Infrastructure", "{BD6BA4E2-7F69-4E7B-9B5A-C2A4A4EBF3EE}"
EndProject
Project("{2150E333-8FDC-42A3-9474-1A3956D46DE8}") = "Testing", "Testing", "{31898544-A009-48CD-93F5-7CCACE2FAAF3}"
EndProject
Project("{2150E333-8FDC-42A3-9474-1A3956D46DE8}") = "Core", "Core", "{505763CB-7C7A-4FCE-A6BF-10C6980D59E1}"
EndProject
Project("{FAE04EC0-301F-11D3-BF4B-00C04F79EFBC}") = "CJG.Infrastructure.EF", "CJG.Infrastructure.EF\CJG.Infrastructure.EF.csproj", "{E70B0BC2-2EE1-4E82-8093-8A0088C9BF33}"
	ProjectSection(ProjectDependencies) = postProject
		{3EDA57E9-E3F8-44B2-A360-3D54DEB6DC44} = {3EDA57E9-E3F8-44B2-A360-3D54DEB6DC44}
	EndProjectSection
EndProject
Project("{2150E333-8FDC-42A3-9474-1A3956D46DE8}") = "Application", "Application", "{9E29C282-3FE5-4652-B8F1-350D55D68A71}"
EndProject
Project("{FAE04EC0-301F-11D3-BF4B-00C04F79EFBC}") = "CJG.Application.SiteMinderSimulatorModule", "CJG.Application.SiteMinderSimulatorModule\CJG.Application.SiteMinderSimulatorModule.csproj", "{87F0998F-7C53-4514-A7BB-FBC6FD1FE9EC}"
EndProject
Project("{FAE04EC0-301F-11D3-BF4B-00C04F79EFBC}") = "CJG.Infrastructure.BCeID.WebService", "CJG.Infrastructure.BCeID.WebService\CJG.Infrastructure.BCeID.WebService.csproj", "{B5E081D1-6965-48D8-BA93-E840A459C65C}"
EndProject
Project("{FAE04EC0-301F-11D3-BF4B-00C04F79EFBC}") = "CJG.Core.Entities", "CJG.Core.Entities\CJG.Core.Entities.csproj", "{3EDA57E9-E3F8-44B2-A360-3D54DEB6DC44}"
EndProject
Project("{FAE04EC0-301F-11D3-BF4B-00C04F79EFBC}") = "CJG.Core.Interfaces", "CJG.Core.Interfaces\CJG.Core.Interfaces.csproj", "{3BCF9A94-7976-4BB8-9C23-4CF6526C74F3}"
EndProject
Project("{FAE04EC0-301F-11D3-BF4B-00C04F79EFBC}") = "CJG.Infrastructure.BCeID.Mock", "CJG.Infrastructure.BCeID.Mock\CJG.Infrastructure.BCeID.Mock.csproj", "{CEEC0746-A33F-476C-99B1-C23A4DF2D372}"
EndProject
Project("{FAE04EC0-301F-11D3-BF4B-00C04F79EFBC}") = "CJG.Application.Services", "CJG.Application.Services\CJG.Application.Services.csproj", "{48DCF26F-44B1-4731-B807-95F3F9721682}"
EndProject
Project("{FAE04EC0-301F-11D3-BF4B-00C04F79EFBC}") = "CJG.Testing.UnitTests", "CJG.Testing.UnitTests\CJG.Testing.UnitTests.csproj", "{F2012E86-7485-4E47-ABD2-456C57C3656C}"
EndProject
Project("{FAE04EC0-301F-11D3-BF4B-00C04F79EFBC}") = "CJG.Infrastructure.NotificationService", "CJG.Infrastructure.NotificationService\CJG.Infrastructure.NotificationService.csproj", "{8552DC67-1AF6-4862-9649-9B250A896D75}"
EndProject
Project("{FAE04EC0-301F-11D3-BF4B-00C04F79EFBC}") = "CJG.Infrastructure.GrantOpeningService", "CJG.Infrastructure.GrantOpeningService\CJG.Infrastructure.GrantOpeningService.csproj", "{23B9FBA1-C0C7-4311-9E9D-8240F05D527F}"
EndProject
Project("{FAE04EC0-301F-11D3-BF4B-00C04F79EFBC}") = "CJG.Infrastructure.ReportingService", "CJG.Infrastructure.ReportingService\CJG.Infrastructure.ReportingService.csproj", "{0A9C47C8-6B0F-4C4F-B2CE-4BBF48536F2D}"
EndProject
Project("{FAE04EC0-301F-11D3-BF4B-00C04F79EFBC}") = "CJG.Testing.Core", "CJG.Testing.Core\CJG.Testing.Core.csproj", "{900E7629-8ACD-4846-9303-4CD20BCA550E}"
EndProject
Project("{FAE04EC0-301F-11D3-BF4B-00C04F79EFBC}") = "CJG.Application.Business", "CJG.Application.Business\CJG.Application.Business.csproj", "{FC084FAE-D520-4804-AE61-7501CAEE495A}"
EndProject
Project("{2150E333-8FDC-42A3-9474-1A3956D46DE8}") = "Documents", "Documents", "{838688A9-2DC7-414E-8DEF-78685DCF3F36}"
	ProjectSection(SolutionItems) = preProject
		documents\Application.External.md = documents\Application.External.md
		documents\Application.Internal.md = documents\Application.Internal.md
		documents\Application.Participant.md = documents\Application.Participant.md
		documents\BCeID test accounts.md = documents\BCeID test accounts.md
		documents\BranchWorkflow.PNG = documents\BranchWorkflow.PNG
		documents\Development.DB.Migration.md = documents\Development.DB.Migration.md
		documents\Development.DevOps.md = documents\Development.DevOps.md
		documents\Development.Guide.md = documents\Development.Guide.md
		documents\Development.Roles.Responsibilities.md = documents\Development.Roles.Responsibilities.md
		documents\Environments.md = documents\Environments.md
		README.md = README.md
		documents\Service.GrantOpening.md = documents\Service.GrantOpening.md
		documents\Service.Notification.md = documents\Service.Notification.md
		documents\Service.Reporting.md = documents\Service.Reporting.md
	EndProjectSection
EndProject
Project("{2150E333-8FDC-42A3-9474-1A3956D46DE8}") = "Solution Items", "Solution Items", "{F8E69E64-5C8E-4963-A2EA-1F04BFB51EE4}"
	ProjectSection(SolutionItems) = preProject
		.editorconfig = .editorconfig
	EndProjectSection
EndProject
Global
	GlobalSection(SolutionConfigurationPlatforms) = preSolution
		Debug|Any CPU = Debug|Any CPU
		QA|Any CPU = QA|Any CPU
		Release|Any CPU = Release|Any CPU
		Support|Any CPU = Support|Any CPU
		TEST|Any CPU = TEST|Any CPU
		Training|Any CPU = Training|Any CPU
	EndGlobalSection
	GlobalSection(ProjectConfigurationPlatforms) = postSolution
		{368C4FCC-D480-44CD-B23C-C0053D6BAF0B}.Debug|Any CPU.ActiveCfg = Debug|Any CPU
		{368C4FCC-D480-44CD-B23C-C0053D6BAF0B}.Debug|Any CPU.Build.0 = Debug|Any CPU
		{368C4FCC-D480-44CD-B23C-C0053D6BAF0B}.QA|Any CPU.ActiveCfg = QA|Any CPU
		{368C4FCC-D480-44CD-B23C-C0053D6BAF0B}.QA|Any CPU.Build.0 = QA|Any CPU
		{368C4FCC-D480-44CD-B23C-C0053D6BAF0B}.Release|Any CPU.ActiveCfg = Release|Any CPU
		{368C4FCC-D480-44CD-B23C-C0053D6BAF0B}.Release|Any CPU.Build.0 = Release|Any CPU
		{368C4FCC-D480-44CD-B23C-C0053D6BAF0B}.Support|Any CPU.ActiveCfg = Support|Any CPU
		{368C4FCC-D480-44CD-B23C-C0053D6BAF0B}.Support|Any CPU.Build.0 = Support|Any CPU
		{368C4FCC-D480-44CD-B23C-C0053D6BAF0B}.TEST|Any CPU.ActiveCfg = TEST|Any CPU
		{368C4FCC-D480-44CD-B23C-C0053D6BAF0B}.TEST|Any CPU.Build.0 = TEST|Any CPU
		{368C4FCC-D480-44CD-B23C-C0053D6BAF0B}.Training|Any CPU.ActiveCfg = Training|Any CPU
		{368C4FCC-D480-44CD-B23C-C0053D6BAF0B}.Training|Any CPU.Build.0 = Training|Any CPU
		{E70B0BC2-2EE1-4E82-8093-8A0088C9BF33}.Debug|Any CPU.ActiveCfg = Debug|Any CPU
		{E70B0BC2-2EE1-4E82-8093-8A0088C9BF33}.Debug|Any CPU.Build.0 = Debug|Any CPU
		{E70B0BC2-2EE1-4E82-8093-8A0088C9BF33}.QA|Any CPU.ActiveCfg = QA|Any CPU
		{E70B0BC2-2EE1-4E82-8093-8A0088C9BF33}.QA|Any CPU.Build.0 = QA|Any CPU
		{E70B0BC2-2EE1-4E82-8093-8A0088C9BF33}.Release|Any CPU.ActiveCfg = Release|Any CPU
		{E70B0BC2-2EE1-4E82-8093-8A0088C9BF33}.Release|Any CPU.Build.0 = Release|Any CPU
		{E70B0BC2-2EE1-4E82-8093-8A0088C9BF33}.Support|Any CPU.ActiveCfg = Support|Any CPU
		{E70B0BC2-2EE1-4E82-8093-8A0088C9BF33}.Support|Any CPU.Build.0 = Support|Any CPU
		{E70B0BC2-2EE1-4E82-8093-8A0088C9BF33}.TEST|Any CPU.ActiveCfg = TEST|Any CPU
		{E70B0BC2-2EE1-4E82-8093-8A0088C9BF33}.TEST|Any CPU.Build.0 = TEST|Any CPU
		{E70B0BC2-2EE1-4E82-8093-8A0088C9BF33}.Training|Any CPU.ActiveCfg = Training|Any CPU
		{E70B0BC2-2EE1-4E82-8093-8A0088C9BF33}.Training|Any CPU.Build.0 = Training|Any CPU
		{87F0998F-7C53-4514-A7BB-FBC6FD1FE9EC}.Debug|Any CPU.ActiveCfg = Debug|Any CPU
		{87F0998F-7C53-4514-A7BB-FBC6FD1FE9EC}.Debug|Any CPU.Build.0 = Debug|Any CPU
		{87F0998F-7C53-4514-A7BB-FBC6FD1FE9EC}.QA|Any CPU.ActiveCfg = QA|Any CPU
		{87F0998F-7C53-4514-A7BB-FBC6FD1FE9EC}.QA|Any CPU.Build.0 = QA|Any CPU
		{87F0998F-7C53-4514-A7BB-FBC6FD1FE9EC}.Release|Any CPU.ActiveCfg = Release|Any CPU
		{87F0998F-7C53-4514-A7BB-FBC6FD1FE9EC}.Release|Any CPU.Build.0 = Release|Any CPU
		{87F0998F-7C53-4514-A7BB-FBC6FD1FE9EC}.Support|Any CPU.ActiveCfg = Support|Any CPU
		{87F0998F-7C53-4514-A7BB-FBC6FD1FE9EC}.Support|Any CPU.Build.0 = Support|Any CPU
		{87F0998F-7C53-4514-A7BB-FBC6FD1FE9EC}.TEST|Any CPU.ActiveCfg = TEST|Any CPU
		{87F0998F-7C53-4514-A7BB-FBC6FD1FE9EC}.TEST|Any CPU.Build.0 = TEST|Any CPU
		{87F0998F-7C53-4514-A7BB-FBC6FD1FE9EC}.Training|Any CPU.ActiveCfg = Training|Any CPU
		{87F0998F-7C53-4514-A7BB-FBC6FD1FE9EC}.Training|Any CPU.Build.0 = Training|Any CPU
		{B5E081D1-6965-48D8-BA93-E840A459C65C}.Debug|Any CPU.ActiveCfg = Debug|Any CPU
		{B5E081D1-6965-48D8-BA93-E840A459C65C}.Debug|Any CPU.Build.0 = Debug|Any CPU
		{B5E081D1-6965-48D8-BA93-E840A459C65C}.QA|Any CPU.ActiveCfg = QA|Any CPU
		{B5E081D1-6965-48D8-BA93-E840A459C65C}.QA|Any CPU.Build.0 = QA|Any CPU
		{B5E081D1-6965-48D8-BA93-E840A459C65C}.Release|Any CPU.ActiveCfg = Release|Any CPU
		{B5E081D1-6965-48D8-BA93-E840A459C65C}.Release|Any CPU.Build.0 = Release|Any CPU
		{B5E081D1-6965-48D8-BA93-E840A459C65C}.Support|Any CPU.ActiveCfg = Support|Any CPU
		{B5E081D1-6965-48D8-BA93-E840A459C65C}.Support|Any CPU.Build.0 = Support|Any CPU
		{B5E081D1-6965-48D8-BA93-E840A459C65C}.TEST|Any CPU.ActiveCfg = TEST|Any CPU
		{B5E081D1-6965-48D8-BA93-E840A459C65C}.TEST|Any CPU.Build.0 = TEST|Any CPU
		{B5E081D1-6965-48D8-BA93-E840A459C65C}.Training|Any CPU.ActiveCfg = Training|Any CPU
		{B5E081D1-6965-48D8-BA93-E840A459C65C}.Training|Any CPU.Build.0 = Training|Any CPU
		{3EDA57E9-E3F8-44B2-A360-3D54DEB6DC44}.Debug|Any CPU.ActiveCfg = Debug|Any CPU
		{3EDA57E9-E3F8-44B2-A360-3D54DEB6DC44}.Debug|Any CPU.Build.0 = Debug|Any CPU
		{3EDA57E9-E3F8-44B2-A360-3D54DEB6DC44}.QA|Any CPU.ActiveCfg = QA|Any CPU
		{3EDA57E9-E3F8-44B2-A360-3D54DEB6DC44}.QA|Any CPU.Build.0 = QA|Any CPU
		{3EDA57E9-E3F8-44B2-A360-3D54DEB6DC44}.Release|Any CPU.ActiveCfg = Release|Any CPU
		{3EDA57E9-E3F8-44B2-A360-3D54DEB6DC44}.Release|Any CPU.Build.0 = Release|Any CPU
		{3EDA57E9-E3F8-44B2-A360-3D54DEB6DC44}.Support|Any CPU.ActiveCfg = Support|Any CPU
		{3EDA57E9-E3F8-44B2-A360-3D54DEB6DC44}.Support|Any CPU.Build.0 = Support|Any CPU
		{3EDA57E9-E3F8-44B2-A360-3D54DEB6DC44}.TEST|Any CPU.ActiveCfg = TEST|Any CPU
		{3EDA57E9-E3F8-44B2-A360-3D54DEB6DC44}.TEST|Any CPU.Build.0 = TEST|Any CPU
		{3EDA57E9-E3F8-44B2-A360-3D54DEB6DC44}.Training|Any CPU.ActiveCfg = Training|Any CPU
		{3EDA57E9-E3F8-44B2-A360-3D54DEB6DC44}.Training|Any CPU.Build.0 = Training|Any CPU
		{3BCF9A94-7976-4BB8-9C23-4CF6526C74F3}.Debug|Any CPU.ActiveCfg = Debug|Any CPU
		{3BCF9A94-7976-4BB8-9C23-4CF6526C74F3}.Debug|Any CPU.Build.0 = Debug|Any CPU
		{3BCF9A94-7976-4BB8-9C23-4CF6526C74F3}.QA|Any CPU.ActiveCfg = QA|Any CPU
		{3BCF9A94-7976-4BB8-9C23-4CF6526C74F3}.QA|Any CPU.Build.0 = QA|Any CPU
		{3BCF9A94-7976-4BB8-9C23-4CF6526C74F3}.Release|Any CPU.ActiveCfg = Release|Any CPU
		{3BCF9A94-7976-4BB8-9C23-4CF6526C74F3}.Release|Any CPU.Build.0 = Release|Any CPU
		{3BCF9A94-7976-4BB8-9C23-4CF6526C74F3}.Support|Any CPU.ActiveCfg = Support|Any CPU
		{3BCF9A94-7976-4BB8-9C23-4CF6526C74F3}.Support|Any CPU.Build.0 = Support|Any CPU
		{3BCF9A94-7976-4BB8-9C23-4CF6526C74F3}.TEST|Any CPU.ActiveCfg = TEST|Any CPU
		{3BCF9A94-7976-4BB8-9C23-4CF6526C74F3}.TEST|Any CPU.Build.0 = TEST|Any CPU
		{3BCF9A94-7976-4BB8-9C23-4CF6526C74F3}.Training|Any CPU.ActiveCfg = Training|Any CPU
		{3BCF9A94-7976-4BB8-9C23-4CF6526C74F3}.Training|Any CPU.Build.0 = Training|Any CPU
		{CEEC0746-A33F-476C-99B1-C23A4DF2D372}.Debug|Any CPU.ActiveCfg = Debug|Any CPU
		{CEEC0746-A33F-476C-99B1-C23A4DF2D372}.Debug|Any CPU.Build.0 = Debug|Any CPU
		{CEEC0746-A33F-476C-99B1-C23A4DF2D372}.QA|Any CPU.ActiveCfg = QA|Any CPU
		{CEEC0746-A33F-476C-99B1-C23A4DF2D372}.QA|Any CPU.Build.0 = QA|Any CPU
		{CEEC0746-A33F-476C-99B1-C23A4DF2D372}.Release|Any CPU.ActiveCfg = Release|Any CPU
		{CEEC0746-A33F-476C-99B1-C23A4DF2D372}.Release|Any CPU.Build.0 = Release|Any CPU
		{CEEC0746-A33F-476C-99B1-C23A4DF2D372}.Support|Any CPU.ActiveCfg = Support|Any CPU
		{CEEC0746-A33F-476C-99B1-C23A4DF2D372}.Support|Any CPU.Build.0 = Support|Any CPU
		{CEEC0746-A33F-476C-99B1-C23A4DF2D372}.TEST|Any CPU.ActiveCfg = TEST|Any CPU
		{CEEC0746-A33F-476C-99B1-C23A4DF2D372}.TEST|Any CPU.Build.0 = TEST|Any CPU
		{CEEC0746-A33F-476C-99B1-C23A4DF2D372}.Training|Any CPU.ActiveCfg = Training|Any CPU
		{CEEC0746-A33F-476C-99B1-C23A4DF2D372}.Training|Any CPU.Build.0 = Training|Any CPU
		{48DCF26F-44B1-4731-B807-95F3F9721682}.Debug|Any CPU.ActiveCfg = Debug|Any CPU
		{48DCF26F-44B1-4731-B807-95F3F9721682}.Debug|Any CPU.Build.0 = Debug|Any CPU
		{48DCF26F-44B1-4731-B807-95F3F9721682}.QA|Any CPU.ActiveCfg = QA|Any CPU
		{48DCF26F-44B1-4731-B807-95F3F9721682}.QA|Any CPU.Build.0 = QA|Any CPU
		{48DCF26F-44B1-4731-B807-95F3F9721682}.Release|Any CPU.ActiveCfg = Release|Any CPU
		{48DCF26F-44B1-4731-B807-95F3F9721682}.Release|Any CPU.Build.0 = Release|Any CPU
		{48DCF26F-44B1-4731-B807-95F3F9721682}.Support|Any CPU.ActiveCfg = Support|Any CPU
		{48DCF26F-44B1-4731-B807-95F3F9721682}.Support|Any CPU.Build.0 = Support|Any CPU
		{48DCF26F-44B1-4731-B807-95F3F9721682}.TEST|Any CPU.ActiveCfg = TEST|Any CPU
		{48DCF26F-44B1-4731-B807-95F3F9721682}.TEST|Any CPU.Build.0 = TEST|Any CPU
		{48DCF26F-44B1-4731-B807-95F3F9721682}.Training|Any CPU.ActiveCfg = Training|Any CPU
		{48DCF26F-44B1-4731-B807-95F3F9721682}.Training|Any CPU.Build.0 = Training|Any CPU
		{F2012E86-7485-4E47-ABD2-456C57C3656C}.Debug|Any CPU.ActiveCfg = Debug|Any CPU
		{F2012E86-7485-4E47-ABD2-456C57C3656C}.Debug|Any CPU.Build.0 = Debug|Any CPU
		{F2012E86-7485-4E47-ABD2-456C57C3656C}.QA|Any CPU.ActiveCfg = QA|Any CPU
		{F2012E86-7485-4E47-ABD2-456C57C3656C}.QA|Any CPU.Build.0 = QA|Any CPU
		{F2012E86-7485-4E47-ABD2-456C57C3656C}.Release|Any CPU.ActiveCfg = Release|Any CPU
		{F2012E86-7485-4E47-ABD2-456C57C3656C}.Release|Any CPU.Build.0 = Release|Any CPU
		{F2012E86-7485-4E47-ABD2-456C57C3656C}.Support|Any CPU.ActiveCfg = Support|Any CPU
		{F2012E86-7485-4E47-ABD2-456C57C3656C}.Support|Any CPU.Build.0 = Support|Any CPU
		{F2012E86-7485-4E47-ABD2-456C57C3656C}.TEST|Any CPU.ActiveCfg = TEST|Any CPU
		{F2012E86-7485-4E47-ABD2-456C57C3656C}.TEST|Any CPU.Build.0 = TEST|Any CPU
		{F2012E86-7485-4E47-ABD2-456C57C3656C}.Training|Any CPU.ActiveCfg = Training|Any CPU
		{F2012E86-7485-4E47-ABD2-456C57C3656C}.Training|Any CPU.Build.0 = Training|Any CPU
		{8552DC67-1AF6-4862-9649-9B250A896D75}.Debug|Any CPU.ActiveCfg = Debug|Any CPU
		{8552DC67-1AF6-4862-9649-9B250A896D75}.Debug|Any CPU.Build.0 = Debug|Any CPU
		{8552DC67-1AF6-4862-9649-9B250A896D75}.QA|Any CPU.ActiveCfg = QA|Any CPU
		{8552DC67-1AF6-4862-9649-9B250A896D75}.QA|Any CPU.Build.0 = QA|Any CPU
		{8552DC67-1AF6-4862-9649-9B250A896D75}.Release|Any CPU.ActiveCfg = Release|Any CPU
		{8552DC67-1AF6-4862-9649-9B250A896D75}.Release|Any CPU.Build.0 = Release|Any CPU
		{8552DC67-1AF6-4862-9649-9B250A896D75}.Support|Any CPU.ActiveCfg = Support|Any CPU
		{8552DC67-1AF6-4862-9649-9B250A896D75}.Support|Any CPU.Build.0 = Support|Any CPU
		{8552DC67-1AF6-4862-9649-9B250A896D75}.TEST|Any CPU.ActiveCfg = TEST|Any CPU
		{8552DC67-1AF6-4862-9649-9B250A896D75}.TEST|Any CPU.Build.0 = TEST|Any CPU
		{8552DC67-1AF6-4862-9649-9B250A896D75}.Training|Any CPU.ActiveCfg = Training|Any CPU
		{8552DC67-1AF6-4862-9649-9B250A896D75}.Training|Any CPU.Build.0 = Training|Any CPU
		{23B9FBA1-C0C7-4311-9E9D-8240F05D527F}.Debug|Any CPU.ActiveCfg = Debug|Any CPU
		{23B9FBA1-C0C7-4311-9E9D-8240F05D527F}.Debug|Any CPU.Build.0 = Debug|Any CPU
		{23B9FBA1-C0C7-4311-9E9D-8240F05D527F}.QA|Any CPU.ActiveCfg = QA|Any CPU
		{23B9FBA1-C0C7-4311-9E9D-8240F05D527F}.QA|Any CPU.Build.0 = QA|Any CPU
		{23B9FBA1-C0C7-4311-9E9D-8240F05D527F}.Release|Any CPU.ActiveCfg = Release|Any CPU
		{23B9FBA1-C0C7-4311-9E9D-8240F05D527F}.Release|Any CPU.Build.0 = Release|Any CPU
		{23B9FBA1-C0C7-4311-9E9D-8240F05D527F}.Support|Any CPU.ActiveCfg = Support|Any CPU
		{23B9FBA1-C0C7-4311-9E9D-8240F05D527F}.Support|Any CPU.Build.0 = Support|Any CPU
		{23B9FBA1-C0C7-4311-9E9D-8240F05D527F}.TEST|Any CPU.ActiveCfg = TEST|Any CPU
		{23B9FBA1-C0C7-4311-9E9D-8240F05D527F}.TEST|Any CPU.Build.0 = TEST|Any CPU
		{23B9FBA1-C0C7-4311-9E9D-8240F05D527F}.Training|Any CPU.ActiveCfg = Training|Any CPU
		{23B9FBA1-C0C7-4311-9E9D-8240F05D527F}.Training|Any CPU.Build.0 = Training|Any CPU
		{0A9C47C8-6B0F-4C4F-B2CE-4BBF48536F2D}.Debug|Any CPU.ActiveCfg = Debug|Any CPU
		{0A9C47C8-6B0F-4C4F-B2CE-4BBF48536F2D}.Debug|Any CPU.Build.0 = Debug|Any CPU
		{0A9C47C8-6B0F-4C4F-B2CE-4BBF48536F2D}.QA|Any CPU.ActiveCfg = QA|Any CPU
		{0A9C47C8-6B0F-4C4F-B2CE-4BBF48536F2D}.QA|Any CPU.Build.0 = QA|Any CPU
		{0A9C47C8-6B0F-4C4F-B2CE-4BBF48536F2D}.Release|Any CPU.ActiveCfg = Release|Any CPU
		{0A9C47C8-6B0F-4C4F-B2CE-4BBF48536F2D}.Release|Any CPU.Build.0 = Release|Any CPU
		{0A9C47C8-6B0F-4C4F-B2CE-4BBF48536F2D}.Support|Any CPU.ActiveCfg = Support|Any CPU
		{0A9C47C8-6B0F-4C4F-B2CE-4BBF48536F2D}.Support|Any CPU.Build.0 = Support|Any CPU
		{0A9C47C8-6B0F-4C4F-B2CE-4BBF48536F2D}.TEST|Any CPU.ActiveCfg = TEST|Any CPU
		{0A9C47C8-6B0F-4C4F-B2CE-4BBF48536F2D}.TEST|Any CPU.Build.0 = TEST|Any CPU
		{0A9C47C8-6B0F-4C4F-B2CE-4BBF48536F2D}.Training|Any CPU.ActiveCfg = Training|Any CPU
		{0A9C47C8-6B0F-4C4F-B2CE-4BBF48536F2D}.Training|Any CPU.Build.0 = Training|Any CPU
		{900E7629-8ACD-4846-9303-4CD20BCA550E}.Debug|Any CPU.ActiveCfg = Debug|Any CPU
		{900E7629-8ACD-4846-9303-4CD20BCA550E}.Debug|Any CPU.Build.0 = Debug|Any CPU
		{900E7629-8ACD-4846-9303-4CD20BCA550E}.QA|Any CPU.ActiveCfg = Release|Any CPU
		{900E7629-8ACD-4846-9303-4CD20BCA550E}.QA|Any CPU.Build.0 = Release|Any CPU
		{900E7629-8ACD-4846-9303-4CD20BCA550E}.Release|Any CPU.ActiveCfg = Release|Any CPU
		{900E7629-8ACD-4846-9303-4CD20BCA550E}.Release|Any CPU.Build.0 = Release|Any CPU
		{900E7629-8ACD-4846-9303-4CD20BCA550E}.Support|Any CPU.ActiveCfg = Release|Any CPU
		{900E7629-8ACD-4846-9303-4CD20BCA550E}.Support|Any CPU.Build.0 = Release|Any CPU
		{900E7629-8ACD-4846-9303-4CD20BCA550E}.TEST|Any CPU.ActiveCfg = Release|Any CPU
		{900E7629-8ACD-4846-9303-4CD20BCA550E}.TEST|Any CPU.Build.0 = Release|Any CPU
		{900E7629-8ACD-4846-9303-4CD20BCA550E}.Training|Any CPU.ActiveCfg = Release|Any CPU
		{900E7629-8ACD-4846-9303-4CD20BCA550E}.Training|Any CPU.Build.0 = Release|Any CPU
		{FC084FAE-D520-4804-AE61-7501CAEE495A}.Debug|Any CPU.ActiveCfg = Debug|Any CPU
		{FC084FAE-D520-4804-AE61-7501CAEE495A}.Debug|Any CPU.Build.0 = Debug|Any CPU
		{FC084FAE-D520-4804-AE61-7501CAEE495A}.QA|Any CPU.ActiveCfg = Release|Any CPU
		{FC084FAE-D520-4804-AE61-7501CAEE495A}.QA|Any CPU.Build.0 = Release|Any CPU
		{FC084FAE-D520-4804-AE61-7501CAEE495A}.Release|Any CPU.ActiveCfg = Release|Any CPU
		{FC084FAE-D520-4804-AE61-7501CAEE495A}.Release|Any CPU.Build.0 = Release|Any CPU
		{FC084FAE-D520-4804-AE61-7501CAEE495A}.Support|Any CPU.ActiveCfg = Release|Any CPU
		{FC084FAE-D520-4804-AE61-7501CAEE495A}.Support|Any CPU.Build.0 = Release|Any CPU
		{FC084FAE-D520-4804-AE61-7501CAEE495A}.TEST|Any CPU.ActiveCfg = Release|Any CPU
		{FC084FAE-D520-4804-AE61-7501CAEE495A}.TEST|Any CPU.Build.0 = Release|Any CPU
		{FC084FAE-D520-4804-AE61-7501CAEE495A}.Training|Any CPU.ActiveCfg = Release|Any CPU
		{FC084FAE-D520-4804-AE61-7501CAEE495A}.Training|Any CPU.Build.0 = Release|Any CPU
	EndGlobalSection
	GlobalSection(SolutionProperties) = preSolution
		HideSolutionNode = FALSE
	EndGlobalSection
	GlobalSection(NestedProjects) = preSolution
		{368C4FCC-D480-44CD-B23C-C0053D6BAF0B} = {BAE60E4A-510A-4B56-B565-873AC567C164}
		{E70B0BC2-2EE1-4E82-8093-8A0088C9BF33} = {BD6BA4E2-7F69-4E7B-9B5A-C2A4A4EBF3EE}
		{87F0998F-7C53-4514-A7BB-FBC6FD1FE9EC} = {9E29C282-3FE5-4652-B8F1-350D55D68A71}
		{B5E081D1-6965-48D8-BA93-E840A459C65C} = {BD6BA4E2-7F69-4E7B-9B5A-C2A4A4EBF3EE}
		{3EDA57E9-E3F8-44B2-A360-3D54DEB6DC44} = {505763CB-7C7A-4FCE-A6BF-10C6980D59E1}
		{3BCF9A94-7976-4BB8-9C23-4CF6526C74F3} = {505763CB-7C7A-4FCE-A6BF-10C6980D59E1}
		{CEEC0746-A33F-476C-99B1-C23A4DF2D372} = {BD6BA4E2-7F69-4E7B-9B5A-C2A4A4EBF3EE}
		{48DCF26F-44B1-4731-B807-95F3F9721682} = {9E29C282-3FE5-4652-B8F1-350D55D68A71}
		{F2012E86-7485-4E47-ABD2-456C57C3656C} = {31898544-A009-48CD-93F5-7CCACE2FAAF3}
		{8552DC67-1AF6-4862-9649-9B250A896D75} = {BD6BA4E2-7F69-4E7B-9B5A-C2A4A4EBF3EE}
		{23B9FBA1-C0C7-4311-9E9D-8240F05D527F} = {BD6BA4E2-7F69-4E7B-9B5A-C2A4A4EBF3EE}
		{0A9C47C8-6B0F-4C4F-B2CE-4BBF48536F2D} = {BD6BA4E2-7F69-4E7B-9B5A-C2A4A4EBF3EE}
		{900E7629-8ACD-4846-9303-4CD20BCA550E} = {31898544-A009-48CD-93F5-7CCACE2FAAF3}
		{FC084FAE-D520-4804-AE61-7501CAEE495A} = {9E29C282-3FE5-4652-B8F1-350D55D68A71}
	EndGlobalSection
	GlobalSection(ExtensibilityGlobals) = postSolution
		SolutionGuid = {EB14C3DA-B8B2-47CC-9060-95AC1AA53A55}
	EndGlobalSection
EndGlobal
